// !$*UTF8*$!
{
	archiveVersion = 1;
	classes = {
	};
	objectVersion = 56;
	objects = {

/* Begin PBXBuildFile section */
		6984FF0C29C5490000F25744 /* AppDelegate.swift in Sources */ = {isa = PBXBuildFile; fileRef = 6984FF0B29C5490000F25744 /* AppDelegate.swift */; };
		6984FF0E29C5490000F25744 /* SceneDelegate.swift in Sources */ = {isa = PBXBuildFile; fileRef = 6984FF0D29C5490000F25744 /* SceneDelegate.swift */; };
		6984FF1029C5490000F25744 /* ViewController.swift in Sources */ = {isa = PBXBuildFile; fileRef = 6984FF0F29C5490000F25744 /* ViewController.swift */; };
		6984FF1329C5490000F25744 /* Main.storyboard in Resources */ = {isa = PBXBuildFile; fileRef = 6984FF1129C5490000F25744 /* Main.storyboard */; };
		6984FF1529C5490000F25744 /* Assets.xcassets in Resources */ = {isa = PBXBuildFile; fileRef = 6984FF1429C5490000F25744 /* Assets.xcassets */; };
		6984FF1829C5490000F25744 /* LaunchScreen.storyboard in Resources */ = {isa = PBXBuildFile; fileRef = 6984FF1629C5490000F25744 /* LaunchScreen.storyboard */; };
		6984FF2329C5490100F25744 /* Kadai6_UIKitTests.swift in Sources */ = {isa = PBXBuildFile; fileRef = 6984FF2229C5490100F25744 /* Kadai6_UIKitTests.swift */; };
		6984FF2D29C5490100F25744 /* Kadai6_UIKitUITests.swift in Sources */ = {isa = PBXBuildFile; fileRef = 6984FF2C29C5490100F25744 /* Kadai6_UIKitUITests.swift */; };
		6984FF2F29C5490100F25744 /* Kadai6_UIKitUITestsLaunchTests.swift in Sources */ = {isa = PBXBuildFile; fileRef = 6984FF2E29C5490100F25744 /* Kadai6_UIKitUITestsLaunchTests.swift */; };
/* End PBXBuildFile section */

/* Begin PBXContainerItemProxy section */
		6984FF1F29C5490100F25744 /* PBXContainerItemProxy */ = {
			isa = PBXContainerItemProxy;
			containerPortal = 6984FF0029C5490000F25744 /* Project object */;
			proxyType = 1;
			remoteGlobalIDString = 6984FF0729C5490000F25744;
			remoteInfo = "Kadai6-UIKit";
		};
		6984FF2929C5490100F25744 /* PBXContainerItemProxy */ = {
			isa = PBXContainerItemProxy;
			containerPortal = 6984FF0029C5490000F25744 /* Project object */;
			proxyType = 1;
			remoteGlobalIDString = 6984FF0729C5490000F25744;
			remoteInfo = "Kadai6-UIKit";
		};
/* End PBXContainerItemProxy section */

/* Begin PBXFileReference section */
		6984FF0829C5490000F25744 /* Kadai6-UIKit.app */ = {isa = PBXFileReference; explicitFileType = wrapper.application; includeInIndex = 0; path = "Kadai6-UIKit.app"; sourceTree = BUILT_PRODUCTS_DIR; };
		6984FF0B29C5490000F25744 /* AppDelegate.swift */ = {isa = PBXFileReference; lastKnownFileType = sourcecode.swift; path = AppDelegate.swift; sourceTree = "<group>"; };
		6984FF0D29C5490000F25744 /* SceneDelegate.swift */ = {isa = PBXFileReference; lastKnownFileType = sourcecode.swift; path = SceneDelegate.swift; sourceTree = "<group>"; };
		6984FF0F29C5490000F25744 /* ViewController.swift */ = {isa = PBXFileReference; lastKnownFileType = sourcecode.swift; path = ViewController.swift; sourceTree = "<group>"; };
		6984FF1229C5490000F25744 /* Base */ = {isa = PBXFileReference; lastKnownFileType = file.storyboard; name = Base; path = Base.lproj/Main.storyboard; sourceTree = "<group>"; };
		6984FF1429C5490000F25744 /* Assets.xcassets */ = {isa = PBXFileReference; lastKnownFileType = folder.assetcatalog; path = Assets.xcassets; sourceTree = "<group>"; };
		6984FF1729C5490000F25744 /* Base */ = {isa = PBXFileReference; lastKnownFileType = file.storyboard; name = Base; path = Base.lproj/LaunchScreen.storyboard; sourceTree = "<group>"; };
		6984FF1929C5490000F25744 /* Info.plist */ = {isa = PBXFileReference; lastKnownFileType = text.plist.xml; path = Info.plist; sourceTree = "<group>"; };
		6984FF1E29C5490100F25744 /* Kadai6-UIKitTests.xctest */ = {isa = PBXFileReference; explicitFileType = wrapper.cfbundle; includeInIndex = 0; path = "Kadai6-UIKitTests.xctest"; sourceTree = BUILT_PRODUCTS_DIR; };
		6984FF2229C5490100F25744 /* Kadai6_UIKitTests.swift */ = {isa = PBXFileReference; lastKnownFileType = sourcecode.swift; path = Kadai6_UIKitTests.swift; sourceTree = "<group>"; };
		6984FF2829C5490100F25744 /* Kadai6-UIKitUITests.xctest */ = {isa = PBXFileReference; explicitFileType = wrapper.cfbundle; includeInIndex = 0; path = "Kadai6-UIKitUITests.xctest"; sourceTree = BUILT_PRODUCTS_DIR; };
		6984FF2C29C5490100F25744 /* Kadai6_UIKitUITests.swift */ = {isa = PBXFileReference; lastKnownFileType = sourcecode.swift; path = Kadai6_UIKitUITests.swift; sourceTree = "<group>"; };
		6984FF2E29C5490100F25744 /* Kadai6_UIKitUITestsLaunchTests.swift */ = {isa = PBXFileReference; lastKnownFileType = sourcecode.swift; path = Kadai6_UIKitUITestsLaunchTests.swift; sourceTree = "<group>"; };
/* End PBXFileReference section */

/* Begin PBXFrameworksBuildPhase section */
		6984FF0529C5490000F25744 /* Frameworks */ = {
			isa = PBXFrameworksBuildPhase;
			buildActionMask = 2147483647;
			files = (
			);
			runOnlyForDeploymentPostprocessing = 0;
		};
		6984FF1B29C5490100F25744 /* Frameworks */ = {
			isa = PBXFrameworksBuildPhase;
			buildActionMask = 2147483647;
			files = (
			);
			runOnlyForDeploymentPostprocessing = 0;
		};
		6984FF2529C5490100F25744 /* Frameworks */ = {
			isa = PBXFrameworksBuildPhase;
			buildActionMask = 2147483647;
			files = (
			);
			runOnlyForDeploymentPostprocessing = 0;
		};
/* End PBXFrameworksBuildPhase section */

/* Begin PBXGroup section */
		6984FEFF29C5490000F25744 = {
			isa = PBXGroup;
			children = (
				6984FF0A29C5490000F25744 /* Kadai6-UIKit */,
				6984FF2129C5490100F25744 /* Kadai6-UIKitTests */,
				6984FF2B29C5490100F25744 /* Kadai6-UIKitUITests */,
				6984FF0929C5490000F25744 /* Products */,
			);
			sourceTree = "<group>";
		};
		6984FF0929C5490000F25744 /* Products */ = {
			isa = PBXGroup;
			children = (
				6984FF0829C5490000F25744 /* Kadai6-UIKit.app */,
				6984FF1E29C5490100F25744 /* Kadai6-UIKitTests.xctest */,
				6984FF2829C5490100F25744 /* Kadai6-UIKitUITests.xctest */,
			);
			name = Products;
			sourceTree = "<group>";
		};
		6984FF0A29C5490000F25744 /* Kadai6-UIKit */ = {
			isa = PBXGroup;
			children = (
				6984FF0B29C5490000F25744 /* AppDelegate.swift */,
				6984FF0D29C5490000F25744 /* SceneDelegate.swift */,
				6984FF0F29C5490000F25744 /* ViewController.swift */,
				6984FF1129C5490000F25744 /* Main.storyboard */,
				6984FF1429C5490000F25744 /* Assets.xcassets */,
				6984FF1629C5490000F25744 /* LaunchScreen.storyboard */,
				6984FF1929C5490000F25744 /* Info.plist */,
			);
			path = "Kadai6-UIKit";
			sourceTree = "<group>";
		};
		6984FF2129C5490100F25744 /* Kadai6-UIKitTests */ = {
			isa = PBXGroup;
			children = (
				6984FF2229C5490100F25744 /* Kadai6_UIKitTests.swift */,
			);
			path = "Kadai6-UIKitTests";
			sourceTree = "<group>";
		};
		6984FF2B29C5490100F25744 /* Kadai6-UIKitUITests */ = {
			isa = PBXGroup;
			children = (
				6984FF2C29C5490100F25744 /* Kadai6_UIKitUITests.swift */,
				6984FF2E29C5490100F25744 /* Kadai6_UIKitUITestsLaunchTests.swift */,
			);
			path = "Kadai6-UIKitUITests";
			sourceTree = "<group>";
		};
/* End PBXGroup section */

/* Begin PBXNativeTarget section */
		6984FF0729C5490000F25744 /* Kadai6-UIKit */ = {
			isa = PBXNativeTarget;
			buildConfigurationList = 6984FF3229C5490100F25744 /* Build configuration list for PBXNativeTarget "Kadai6-UIKit" */;
			buildPhases = (
				6984FF0429C5490000F25744 /* Sources */,
				6984FF0529C5490000F25744 /* Frameworks */,
				6984FF0629C5490000F25744 /* Resources */,
			);
			buildRules = (
			);
			dependencies = (
			);
			name = "Kadai6-UIKit";
			productName = "Kadai6-UIKit";
			productReference = 6984FF0829C5490000F25744 /* Kadai6-UIKit.app */;
			productType = "com.apple.product-type.application";
		};
		6984FF1D29C5490100F25744 /* Kadai6-UIKitTests */ = {
			isa = PBXNativeTarget;
			buildConfigurationList = 6984FF3529C5490100F25744 /* Build configuration list for PBXNativeTarget "Kadai6-UIKitTests" */;
			buildPhases = (
				6984FF1A29C5490100F25744 /* Sources */,
				6984FF1B29C5490100F25744 /* Frameworks */,
				6984FF1C29C5490100F25744 /* Resources */,
			);
			buildRules = (
			);
			dependencies = (
				6984FF2029C5490100F25744 /* PBXTargetDependency */,
			);
			name = "Kadai6-UIKitTests";
			productName = "Kadai6-UIKitTests";
			productReference = 6984FF1E29C5490100F25744 /* Kadai6-UIKitTests.xctest */;
			productType = "com.apple.product-type.bundle.unit-test";
		};
		6984FF2729C5490100F25744 /* Kadai6-UIKitUITests */ = {
			isa = PBXNativeTarget;
			buildConfigurationList = 6984FF3829C5490100F25744 /* Build configuration list for PBXNativeTarget "Kadai6-UIKitUITests" */;
			buildPhases = (
				6984FF2429C5490100F25744 /* Sources */,
				6984FF2529C5490100F25744 /* Frameworks */,
				6984FF2629C5490100F25744 /* Resources */,
			);
			buildRules = (
			);
			dependencies = (
				6984FF2A29C5490100F25744 /* PBXTargetDependency */,
			);
			name = "Kadai6-UIKitUITests";
			productName = "Kadai6-UIKitUITests";
			productReference = 6984FF2829C5490100F25744 /* Kadai6-UIKitUITests.xctest */;
			productType = "com.apple.product-type.bundle.ui-testing";
		};
/* End PBXNativeTarget section */

/* Begin PBXProject section */
		6984FF0029C5490000F25744 /* Project object */ = {
			isa = PBXProject;
			attributes = {
				BuildIndependentTargetsInParallel = 1;
				LastSwiftUpdateCheck = 1420;
				LastUpgradeCheck = 1420;
				TargetAttributes = {
					6984FF0729C5490000F25744 = {
						CreatedOnToolsVersion = 14.2;
					};
					6984FF1D29C5490100F25744 = {
						CreatedOnToolsVersion = 14.2;
						TestTargetID = 6984FF0729C5490000F25744;
					};
					6984FF2729C5490100F25744 = {
						CreatedOnToolsVersion = 14.2;
						TestTargetID = 6984FF0729C5490000F25744;
					};
				};
			};
			buildConfigurationList = 6984FF0329C5490000F25744 /* Build configuration list for PBXProject "Kadai6-UIKit" */;
			compatibilityVersion = "Xcode 14.0";
			developmentRegion = en;
			hasScannedForEncodings = 0;
			knownRegions = (
				en,
				Base,
			);
			mainGroup = 6984FEFF29C5490000F25744;
			productRefGroup = 6984FF0929C5490000F25744 /* Products */;
			projectDirPath = "";
			projectRoot = "";
			targets = (
				6984FF0729C5490000F25744 /* Kadai6-UIKit */,
				6984FF1D29C5490100F25744 /* Kadai6-UIKitTests */,
				6984FF2729C5490100F25744 /* Kadai6-UIKitUITests */,
			);
		};
/* End PBXProject section */

/* Begin PBXResourcesBuildPhase section */
		6984FF0629C5490000F25744 /* Resources */ = {
			isa = PBXResourcesBuildPhase;
			buildActionMask = 2147483647;
			files = (
				6984FF1829C5490000F25744 /* LaunchScreen.storyboard in Resources */,
				6984FF1529C5490000F25744 /* Assets.xcassets in Resources */,
				6984FF1329C5490000F25744 /* Main.storyboard in Resources */,
			);
			runOnlyForDeploymentPostprocessing = 0;
		};
		6984FF1C29C5490100F25744 /* Resources */ = {
			isa = PBXResourcesBuildPhase;
			buildActionMask = 2147483647;
			files = (
			);
			runOnlyForDeploymentPostprocessing = 0;
		};
		6984FF2629C5490100F25744 /* Resources */ = {
			isa = PBXResourcesBuildPhase;
			buildActionMask = 2147483647;
			files = (
			);
			runOnlyForDeploymentPostprocessing = 0;
		};
/* End PBXResourcesBuildPhase section */

/* Begin PBXSourcesBuildPhase section */
		6984FF0429C5490000F25744 /* Sources */ = {
			isa = PBXSourcesBuildPhase;
			buildActionMask = 2147483647;
			files = (
				6984FF1029C5490000F25744 /* ViewController.swift in Sources */,
				6984FF0C29C5490000F25744 /* AppDelegate.swift in Sources */,
				6984FF0E29C5490000F25744 /* SceneDelegate.swift in Sources */,
			);
			runOnlyForDeploymentPostprocessing = 0;
		};
		6984FF1A29C5490100F25744 /* Sources */ = {
			isa = PBXSourcesBuildPhase;
			buildActionMask = 2147483647;
			files = (
				6984FF2329C5490100F25744 /* Kadai6_UIKitTests.swift in Sources */,
			);
			runOnlyForDeploymentPostprocessing = 0;
		};
		6984FF2429C5490100F25744 /* Sources */ = {
			isa = PBXSourcesBuildPhase;
			buildActionMask = 2147483647;
			files = (
				6984FF2D29C5490100F25744 /* Kadai6_UIKitUITests.swift in Sources */,
				6984FF2F29C5490100F25744 /* Kadai6_UIKitUITestsLaunchTests.swift in Sources */,
			);
			runOnlyForDeploymentPostprocessing = 0;
		};
/* End PBXSourcesBuildPhase section */

/* Begin PBXTargetDependency section */
		6984FF2029C5490100F25744 /* PBXTargetDependency */ = {
			isa = PBXTargetDependency;
			target = 6984FF0729C5490000F25744 /* Kadai6-UIKit */;
			targetProxy = 6984FF1F29C5490100F25744 /* PBXContainerItemProxy */;
		};
		6984FF2A29C5490100F25744 /* PBXTargetDependency */ = {
			isa = PBXTargetDependency;
			target = 6984FF0729C5490000F25744 /* Kadai6-UIKit */;
			targetProxy = 6984FF2929C5490100F25744 /* PBXContainerItemProxy */;
		};
/* End PBXTargetDependency section */

/* Begin PBXVariantGroup section */
		6984FF1129C5490000F25744 /* Main.storyboard */ = {
			isa = PBXVariantGroup;
			children = (
				6984FF1229C5490000F25744 /* Base */,
			);
			name = Main.storyboard;
			sourceTree = "<group>";
		};
		6984FF1629C5490000F25744 /* LaunchScreen.storyboard */ = {
			isa = PBXVariantGroup;
			children = (
				6984FF1729C5490000F25744 /* Base */,
			);
			name = LaunchScreen.storyboard;
			sourceTree = "<group>";
		};
/* End PBXVariantGroup section */

/* Begin XCBuildConfiguration section */
		6984FF3029C5490100F25744 /* Debug */ = {
			isa = XCBuildConfiguration;
			buildSettings = {
				ALWAYS_SEARCH_USER_PATHS = NO;
				CLANG_ANALYZER_NONNULL = YES;
				CLANG_ANALYZER_NUMBER_OBJECT_CONVERSION = YES_AGGRESSIVE;
				CLANG_CXX_LANGUAGE_STANDARD = "gnu++20";
				CLANG_ENABLE_MODULES = YES;
				CLANG_ENABLE_OBJC_ARC = YES;
				CLANG_ENABLE_OBJC_WEAK = YES;
				CLANG_WARN_BLOCK_CAPTURE_AUTORELEASING = YES;
				CLANG_WARN_BOOL_CONVERSION = YES;
				CLANG_WARN_COMMA = YES;
				CLANG_WARN_CONSTANT_CONVERSION = YES;
				CLANG_WARN_DEPRECATED_OBJC_IMPLEMENTATIONS = YES;
				CLANG_WARN_DIRECT_OBJC_ISA_USAGE = YES_ERROR;
				CLANG_WARN_DOCUMENTATION_COMMENTS = YES;
				CLANG_WARN_EMPTY_BODY = YES;
				CLANG_WARN_ENUM_CONVERSION = YES;
				CLANG_WARN_INFINITE_RECURSION = YES;
				CLANG_WARN_INT_CONVERSION = YES;
				CLANG_WARN_NON_LITERAL_NULL_CONVERSION = YES;
				CLANG_WARN_OBJC_IMPLICIT_RETAIN_SELF = YES;
				CLANG_WARN_OBJC_LITERAL_CONVERSION = YES;
				CLANG_WARN_OBJC_ROOT_CLASS = YES_ERROR;
				CLANG_WARN_QUOTED_INCLUDE_IN_FRAMEWORK_HEADER = YES;
				CLANG_WARN_RANGE_LOOP_ANALYSIS = YES;
				CLANG_WARN_STRICT_PROTOTYPES = YES;
				CLANG_WARN_SUSPICIOUS_MOVE = YES;
				CLANG_WARN_UNGUARDED_AVAILABILITY = YES_AGGRESSIVE;
				CLANG_WARN_UNREACHABLE_CODE = YES;
				CLANG_WARN__DUPLICATE_METHOD_MATCH = YES;
				COPY_PHASE_STRIP = NO;
				DEBUG_INFORMATION_FORMAT = dwarf;
				ENABLE_STRICT_OBJC_MSGSEND = YES;
				ENABLE_TESTABILITY = YES;
				GCC_C_LANGUAGE_STANDARD = gnu11;
				GCC_DYNAMIC_NO_PIC = NO;
				GCC_NO_COMMON_BLOCKS = YES;
				GCC_OPTIMIZATION_LEVEL = 0;
				GCC_PREPROCESSOR_DEFINITIONS = (
					"DEBUG=1",
					"$(inherited)",
				);
				GCC_WARN_64_TO_32_BIT_CONVERSION = YES;
				GCC_WARN_ABOUT_RETURN_TYPE = YES_ERROR;
				GCC_WARN_UNDECLARED_SELECTOR = YES;
				GCC_WARN_UNINITIALIZED_AUTOS = YES_AGGRESSIVE;
				GCC_WARN_UNUSED_FUNCTION = YES;
				GCC_WARN_UNUSED_VARIABLE = YES;
				IPHONEOS_DEPLOYMENT_TARGET = 16.2;
				MTL_ENABLE_DEBUG_INFO = INCLUDE_SOURCE;
				MTL_FAST_MATH = YES;
				ONLY_ACTIVE_ARCH = YES;
				SDKROOT = iphoneos;
				SWIFT_ACTIVE_COMPILATION_CONDITIONS = DEBUG;
				SWIFT_OPTIMIZATION_LEVEL = "-Onone";
			};
			name = Debug;
		};
		6984FF3129C5490100F25744 /* Release */ = {
			isa = XCBuildConfiguration;
			buildSettings = {
				ALWAYS_SEARCH_USER_PATHS = NO;
				CLANG_ANALYZER_NONNULL = YES;
				CLANG_ANALYZER_NUMBER_OBJECT_CONVERSION = YES_AGGRESSIVE;
				CLANG_CXX_LANGUAGE_STANDARD = "gnu++20";
				CLANG_ENABLE_MODULES = YES;
				CLANG_ENABLE_OBJC_ARC = YES;
				CLANG_ENABLE_OBJC_WEAK = YES;
				CLANG_WARN_BLOCK_CAPTURE_AUTORELEASING = YES;
				CLANG_WARN_BOOL_CONVERSION = YES;
				CLANG_WARN_COMMA = YES;
				CLANG_WARN_CONSTANT_CONVERSION = YES;
				CLANG_WARN_DEPRECATED_OBJC_IMPLEMENTATIONS = YES;
				CLANG_WARN_DIRECT_OBJC_ISA_USAGE = YES_ERROR;
				CLANG_WARN_DOCUMENTATION_COMMENTS = YES;
				CLANG_WARN_EMPTY_BODY = YES;
				CLANG_WARN_ENUM_CONVERSION = YES;
				CLANG_WARN_INFINITE_RECURSION = YES;
				CLANG_WARN_INT_CONVERSION = YES;
				CLANG_WARN_NON_LITERAL_NULL_CONVERSION = YES;
				CLANG_WARN_OBJC_IMPLICIT_RETAIN_SELF = YES;
				CLANG_WARN_OBJC_LITERAL_CONVERSION = YES;
				CLANG_WARN_OBJC_ROOT_CLASS = YES_ERROR;
				CLANG_WARN_QUOTED_INCLUDE_IN_FRAMEWORK_HEADER = YES;
				CLANG_WARN_RANGE_LOOP_ANALYSIS = YES;
				CLANG_WARN_STRICT_PROTOTYPES = YES;
				CLANG_WARN_SUSPICIOUS_MOVE = YES;
				CLANG_WARN_UNGUARDED_AVAILABILITY = YES_AGGRESSIVE;
				CLANG_WARN_UNREACHABLE_CODE = YES;
				CLANG_WARN__DUPLICATE_METHOD_MATCH = YES;
				COPY_PHASE_STRIP = NO;
				DEBUG_INFORMATION_FORMAT = "dwarf-with-dsym";
				ENABLE_NS_ASSERTIONS = NO;
				ENABLE_STRICT_OBJC_MSGSEND = YES;
				GCC_C_LANGUAGE_STANDARD = gnu11;
				GCC_NO_COMMON_BLOCKS = YES;
				GCC_WARN_64_TO_32_BIT_CONVERSION = YES;
				GCC_WARN_ABOUT_RETURN_TYPE = YES_ERROR;
				GCC_WARN_UNDECLARED_SELECTOR = YES;
				GCC_WARN_UNINITIALIZED_AUTOS = YES_AGGRESSIVE;
				GCC_WARN_UNUSED_FUNCTION = YES;
				GCC_WARN_UNUSED_VARIABLE = YES;
				IPHONEOS_DEPLOYMENT_TARGET = 16.2;
				MTL_ENABLE_DEBUG_INFO = NO;
				MTL_FAST_MATH = YES;
				SDKROOT = iphoneos;
				SWIFT_COMPILATION_MODE = wholemodule;
				SWIFT_OPTIMIZATION_LEVEL = "-O";
				VALIDATE_PRODUCT = YES;
			};
			name = Release;
		};
		6984FF3329C5490100F25744 /* Debug */ = {
			isa = XCBuildConfiguration;
			buildSettings = {
				ASSETCATALOG_COMPILER_APPICON_NAME = AppIcon;
				ASSETCATALOG_COMPILER_GLOBAL_ACCENT_COLOR_NAME = AccentColor;
				CODE_SIGN_STYLE = Automatic;
				CURRENT_PROJECT_VERSION = 1;
				GENERATE_INFOPLIST_FILE = YES;
				INFOPLIST_FILE = "Kadai6-UIKit/Info.plist";
				INFOPLIST_KEY_UIApplicationSupportsIndirectInputEvents = YES;
				INFOPLIST_KEY_UILaunchStoryboardName = LaunchScreen;
				INFOPLIST_KEY_UIMainStoryboardFile = Main;
				INFOPLIST_KEY_UISupportedInterfaceOrientations_iPad = "UIInterfaceOrientationPortrait UIInterfaceOrientationPortraitUpsideDown UIInterfaceOrientationLandscapeLeft UIInterfaceOrientationLandscapeRight";
				INFOPLIST_KEY_UISupportedInterfaceOrientations_iPhone = "UIInterfaceOrientationPortrait UIInterfaceOrientationLandscapeLeft UIInterfaceOrientationLandscapeRight";
				LD_RUNPATH_SEARCH_PATHS = (
					"$(inherited)",
					"@executable_path/Frameworks",
				);
				MARKETING_VERSION = 1.0;
				PRODUCT_BUNDLE_IDENTIFIER = "com.sako.Kadai6-UIKit";
				PRODUCT_NAME = "$(TARGET_NAME)";
				SWIFT_EMIT_LOC_STRINGS = YES;
				SWIFT_VERSION = 5.0;
				TARGETED_DEVICE_FAMILY = "1,2";
			};
			name = Debug;
		};
		6984FF3429C5490100F25744 /* Release */ = {
			isa = XCBuildConfiguration;
			buildSettings = {
				ASSETCATALOG_COMPILER_APPICON_NAME = AppIcon;
				ASSETCATALOG_COMPILER_GLOBAL_ACCENT_COLOR_NAME = AccentColor;
				CODE_SIGN_STYLE = Automatic;
				CURRENT_PROJECT_VERSION = 1;
				GENERATE_INFOPLIST_FILE = YES;
				INFOPLIST_FILE = "Kadai6-UIKit/Info.plist";
				INFOPLIST_KEY_UIApplicationSupportsIndirectInputEvents = YES;
				INFOPLIST_KEY_UILaunchStoryboardName = LaunchScreen;
				INFOPLIST_KEY_UIMainStoryboardFile = Main;
				INFOPLIST_KEY_UISupportedInterfaceOrientations_iPad = "UIInterfaceOrientationPortrait UIInterfaceOrientationPortraitUpsideDown UIInterfaceOrientationLandscapeLeft UIInterfaceOrientationLandscapeRight";
				INFOPLIST_KEY_UISupportedInterfaceOrientations_iPhone = "UIInterfaceOrientationPortrait UIInterfaceOrientationLandscapeLeft UIInterfaceOrientationLandscapeRight";
				LD_RUNPATH_SEARCH_PATHS = (
					"$(inherited)",
					"@executable_path/Frameworks",
				);
				MARKETING_VERSION = 1.0;
				PRODUCT_BUNDLE_IDENTIFIER = "com.sako.Kadai6-UIKit";
				PRODUCT_NAME = "$(TARGET_NAME)";
				SWIFT_EMIT_LOC_STRINGS = YES;
				SWIFT_VERSION = 5.0;
				TARGETED_DEVICE_FAMILY = "1,2";
			};
			name = Release;
		};
		6984FF3629C5490100F25744 /* Debug */ = {
			isa = XCBuildConfiguration;
			buildSettings = {
				ALWAYS_EMBED_SWIFT_STANDARD_LIBRARIES = YES;
				BUNDLE_LOADER = "$(TEST_HOST)";
				CODE_SIGN_STYLE = Automatic;
				CURRENT_PROJECT_VERSION = 1;
				GENERATE_INFOPLIST_FILE = YES;
				IPHONEOS_DEPLOYMENT_TARGET = 16.2;
				MARKETING_VERSION = 1.0;
				PRODUCT_BUNDLE_IDENTIFIER = "com.sako.Kadai6-UIKitTests";
				PRODUCT_NAME = "$(TARGET_NAME)";
				SWIFT_EMIT_LOC_STRINGS = NO;
				SWIFT_VERSION = 5.0;
				TARGETED_DEVICE_FAMILY = "1,2";
				TEST_HOST = "$(BUILT_PRODUCTS_DIR)/Kadai6-UIKit.app/$(BUNDLE_EXECUTABLE_FOLDER_PATH)/Kadai6-UIKit";
			};
			name = Debug;
		};
		6984FF3729C5490100F25744 /* Release */ = {
			isa = XCBuildConfiguration;
			buildSettings = {
				ALWAYS_EMBED_SWIFT_STANDARD_LIBRARIES = YES;
				BUNDLE_LOADER = "$(TEST_HOST)";
				CODE_SIGN_STYLE = Automatic;
				CURRENT_PROJECT_VERSION = 1;
				GENERATE_INFOPLIST_FILE = YES;
				IPHONEOS_DEPLOYMENT_TARGET = 16.2;
				MARKETING_VERSION = 1.0;
				PRODUCT_BUNDLE_IDENTIFIER = "com.sako.Kadai6-UIKitTests";
				PRODUCT_NAME = "$(TARGET_NAME)";
				SWIFT_EMIT_LOC_STRINGS = NO;
				SWIFT_VERSION = 5.0;
				TARGETED_DEVICE_FAMILY = "1,2";
				TEST_HOST = "$(BUILT_PRODUCTS_DIR)/Kadai6-UIKit.app/$(BUNDLE_EXECUTABLE_FOLDER_PATH)/Kadai6-UIKit";
			};
			name = Release;
		};
		6984FF3929C5490100F25744 /* Debug */ = {
			isa = XCBuildConfiguration;
			buildSettings = {
				ALWAYS_EMBED_SWIFT_STANDARD_LIBRARIES = YES;
				CODE_SIGN_STYLE = Automatic;
				CURRENT_PROJECT_VERSION = 1;
				GENERATE_INFOPLIST_FILE = YES;
				MARKETING_VERSION = 1.0;
				PRODUCT_BUNDLE_IDENTIFIER = "com.sako.Kadai6-UIKitUITests";
				PRODUCT_NAME = "$(TARGET_NAME)";
				SWIFT_EMIT_LOC_STRINGS = NO;
				SWIFT_VERSION = 5.0;
				TARGETED_DEVICE_FAMILY = "1,2";
				TEST_TARGET_NAME = "Kadai6-UIKit";
			};
			name = Debug;
		};
		6984FF3A29C5490100F25744 /* Release */ = {
			isa = XCBuildConfiguration;
			buildSettings = {
				ALWAYS_EMBED_SWIFT_STANDARD_LIBRARIES = YES;
				CODE_SIGN_STYLE = Automatic;
				CURRENT_PROJECT_VERSION = 1;
				GENERATE_INFOPLIST_FILE = YES;
				MARKETING_VERSION = 1.0;
				PRODUCT_BUNDLE_IDENTIFIER = "com.sako.Kadai6-UIKitUITests";
				PRODUCT_NAME = "$(TARGET_NAME)";
				SWIFT_EMIT_LOC_STRINGS = NO;
				SWIFT_VERSION = 5.0;
				TARGETED_DEVICE_FAMILY = "1,2";
				TEST_TARGET_NAME = "Kadai6-UIKit";
			};
			name = Release;
		};
/* End XCBuildConfiguration section */

/* Begin XCConfigurationList section */
		6984FF0329C5490000F25744 /* Build configuration list for PBXProject "Kadai6-UIKit" */ = {
			isa = XCConfigurationList;
			buildConfigurations = (
				6984FF3029C5490100F25744 /* Debug */,
				6984FF3129C5490100F25744 /* Release */,
			);
			defaultConfigurationIsVisible = 0;
			defaultConfigurationName = Release;
		};
		6984FF3229C5490100F25744 /* Build configuration list for PBXNativeTarget "Kadai6-UIKit" */ = {
			isa = XCConfigurationList;
			buildConfigurations = (
				6984FF3329C5490100F25744 /* Debug */,
				6984FF3429C5490100F25744 /* Release */,
			);
			defaultConfigurationIsVisible = 0;
			defaultConfigurationName = Release;
		};
		6984FF3529C5490100F25744 /* Build configuration list for PBXNativeTarget "Kadai6-UIKitTests" */ = {
			isa = XCConfigurationList;
			buildConfigurations = (
				6984FF3629C5490100F25744 /* Debug */,
				6984FF3729C5490100F25744 /* Release */,
			);
			defaultConfigurationIsVisible = 0;
			defaultConfigurationName = Release;
		};
		6984FF3829C5490100F25744 /* Build configuration list for PBXNativeTarget "Kadai6-UIKitUITests" */ = {
			isa = XCConfigurationList;
			buildConfigurations = (
				6984FF3929C5490100F25744 /* Debug */,
				6984FF3A29C5490100F25744 /* Release */,
			);
			defaultConfigurationIsVisible = 0;
			defaultConfigurationName = Release;
		};
/* End XCConfigurationList section */
	};
	rootObject = 6984FF0029C5490000F25744 /* Project object */;
}
